// !$*UTF8*$!
{
	archiveVersion = 1;
	classes = {
	};
	objectVersion = 50;
	objects = {

/* Begin PBXBuildFile section */
		ECC06C98212E23F7001D2791 /* AppDelegate.swift in Sources */ = {isa = PBXBuildFile; fileRef = ECC06C97212E23F7001D2791 /* AppDelegate.swift */; };
		ECC06C9A212E23F7001D2791 /* ViewController.swift in Sources */ = {isa = PBXBuildFile; fileRef = ECC06C99212E23F7001D2791 /* ViewController.swift */; };
		ECC06C9D212E23F7001D2791 /* Main.storyboard in Resources */ = {isa = PBXBuildFile; fileRef = ECC06C9B212E23F7001D2791 /* Main.storyboard */; };
		ECC06C9F212E23FB001D2791 /* Assets.xcassets in Resources */ = {isa = PBXBuildFile; fileRef = ECC06C9E212E23FB001D2791 /* Assets.xcassets */; };
		ECC06CA2212E23FB001D2791 /* LaunchScreen.storyboard in Resources */ = {isa = PBXBuildFile; fileRef = ECC06CA0212E23FB001D2791 /* LaunchScreen.storyboard */; };
		ECC06CAD212E23FB001D2791 /* MoviesTests.swift in Sources */ = {isa = PBXBuildFile; fileRef = ECC06CAC212E23FB001D2791 /* MoviesTests.swift */; };
/* End PBXBuildFile section */

/* Begin PBXContainerItemProxy section */
		ECC06CA9212E23FB001D2791 /* PBXContainerItemProxy */ = {
			isa = PBXContainerItemProxy;
			containerPortal = ECC06C8C212E23F7001D2791 /* Project object */;
			proxyType = 1;
			remoteGlobalIDString = ECC06C93212E23F7001D2791;
			remoteInfo = Movies;
		};
/* End PBXContainerItemProxy section */

/* Begin PBXFileReference section */
		ECC06C94212E23F7001D2791 /* Movies.app */ = {isa = PBXFileReference; explicitFileType = wrapper.application; includeInIndex = 0; path = Movies.app; sourceTree = BUILT_PRODUCTS_DIR; };
		ECC06C97212E23F7001D2791 /* AppDelegate.swift */ = {isa = PBXFileReference; lastKnownFileType = sourcecode.swift; path = AppDelegate.swift; sourceTree = "<group>"; };
		ECC06C99212E23F7001D2791 /* ViewController.swift */ = {isa = PBXFileReference; lastKnownFileType = sourcecode.swift; path = ViewController.swift; sourceTree = "<group>"; };
		ECC06C9C212E23F7001D2791 /* Base */ = {isa = PBXFileReference; lastKnownFileType = file.storyboard; name = Base; path = Base.lproj/Main.storyboard; sourceTree = "<group>"; };
		ECC06C9E212E23FB001D2791 /* Assets.xcassets */ = {isa = PBXFileReference; lastKnownFileType = folder.assetcatalog; path = Assets.xcassets; sourceTree = "<group>"; };
		ECC06CA1212E23FB001D2791 /* Base */ = {isa = PBXFileReference; lastKnownFileType = file.storyboard; name = Base; path = Base.lproj/LaunchScreen.storyboard; sourceTree = "<group>"; };
		ECC06CA3212E23FB001D2791 /* Info.plist */ = {isa = PBXFileReference; lastKnownFileType = text.plist.xml; path = Info.plist; sourceTree = "<group>"; };
		ECC06CA8212E23FB001D2791 /* MoviesTests.xctest */ = {isa = PBXFileReference; explicitFileType = wrapper.cfbundle; includeInIndex = 0; path = MoviesTests.xctest; sourceTree = BUILT_PRODUCTS_DIR; };
		ECC06CAC212E23FB001D2791 /* MoviesTests.swift */ = {isa = PBXFileReference; lastKnownFileType = sourcecode.swift; path = MoviesTests.swift; sourceTree = "<group>"; };
		ECC06CAE212E23FB001D2791 /* Info.plist */ = {isa = PBXFileReference; lastKnownFileType = text.plist.xml; path = Info.plist; sourceTree = "<group>"; };
/* End PBXFileReference section */

/* Begin PBXFrameworksBuildPhase section */
		ECC06C91212E23F7001D2791 /* Frameworks */ = {
			isa = PBXFrameworksBuildPhase;
			buildActionMask = 2147483647;
			files = (
			);
			runOnlyForDeploymentPostprocessing = 0;
		};
		ECC06CA5212E23FB001D2791 /* Frameworks */ = {
			isa = PBXFrameworksBuildPhase;
			buildActionMask = 2147483647;
			files = (
			);
			runOnlyForDeploymentPostprocessing = 0;
		};
/* End PBXFrameworksBuildPhase section */

/* Begin PBXGroup section */
		ECC06C8B212E23F7001D2791 = {
			isa = PBXGroup;
			children = (
				ECC06C96212E23F7001D2791 /* Movies */,
				ECC06CAB212E23FB001D2791 /* MoviesTests */,
				ECC06C95212E23F7001D2791 /* Products */,
			);
			sourceTree = "<group>";
		};
		ECC06C95212E23F7001D2791 /* Products */ = {
			isa = PBXGroup;
			children = (
				ECC06C94212E23F7001D2791 /* Movies.app */,
				ECC06CA8212E23FB001D2791 /* MoviesTests.xctest */,
			);
			name = Products;
			sourceTree = "<group>";
		};
		ECC06C96212E23F7001D2791 /* Movies */ = {
			isa = PBXGroup;
			children = (
				ECC06C97212E23F7001D2791 /* AppDelegate.swift */,
				ECC06C99212E23F7001D2791 /* ViewController.swift */,
				ECC06C9B212E23F7001D2791 /* Main.storyboard */,
				ECC06C9E212E23FB001D2791 /* Assets.xcassets */,
				ECC06CA0212E23FB001D2791 /* LaunchScreen.storyboard */,
				ECC06CA3212E23FB001D2791 /* Info.plist */,
			);
			path = Movies;
			sourceTree = "<group>";
		};
		ECC06CAB212E23FB001D2791 /* MoviesTests */ = {
			isa = PBXGroup;
			children = (
				ECC06CAC212E23FB001D2791 /* MoviesTests.swift */,
				ECC06CAE212E23FB001D2791 /* Info.plist */,
			);
			path = MoviesTests;
			sourceTree = "<group>";
		};
/* End PBXGroup section */

/* Begin PBXNativeTarget section */
		ECC06C93212E23F7001D2791 /* Movies */ = {
			isa = PBXNativeTarget;
			buildConfigurationList = ECC06CB1212E23FB001D2791 /* Build configuration list for PBXNativeTarget "Movies" */;
			buildPhases = (
				ECC06C90212E23F7001D2791 /* Sources */,
				ECC06C91212E23F7001D2791 /* Frameworks */,
				ECC06C92212E23F7001D2791 /* Resources */,
			);
			buildRules = (
			);
			dependencies = (
			);
			name = Movies;
			productName = Movies;
			productReference = ECC06C94212E23F7001D2791 /* Movies.app */;
			productType = "com.apple.product-type.application";
		};
		ECC06CA7212E23FB001D2791 /* MoviesTests */ = {
			isa = PBXNativeTarget;
			buildConfigurationList = ECC06CB4212E23FB001D2791 /* Build configuration list for PBXNativeTarget "MoviesTests" */;
			buildPhases = (
				ECC06CA4212E23FB001D2791 /* Sources */,
				ECC06CA5212E23FB001D2791 /* Frameworks */,
				ECC06CA6212E23FB001D2791 /* Resources */,
			);
			buildRules = (
			);
			dependencies = (
				ECC06CAA212E23FB001D2791 /* PBXTargetDependency */,
			);
			name = MoviesTests;
			productName = MoviesTests;
			productReference = ECC06CA8212E23FB001D2791 /* MoviesTests.xctest */;
			productType = "com.apple.product-type.bundle.unit-test";
		};
/* End PBXNativeTarget section */

/* Begin PBXProject section */
		ECC06C8C212E23F7001D2791 /* Project object */ = {
			isa = PBXProject;
			attributes = {
				LastSwiftUpdateCheck = 0940;
				LastUpgradeCheck = 0940;
				ORGANIZATIONNAME = "Lázaro Lima dos Santos";
				TargetAttributes = {
					ECC06C93212E23F7001D2791 = {
						CreatedOnToolsVersion = 9.4.1;
					};
					ECC06CA7212E23FB001D2791 = {
						CreatedOnToolsVersion = 9.4.1;
						TestTargetID = ECC06C93212E23F7001D2791;
					};
				};
			};
			buildConfigurationList = ECC06C8F212E23F7001D2791 /* Build configuration list for PBXProject "Movies" */;
			compatibilityVersion = "Xcode 9.3";
			developmentRegion = en;
			hasScannedForEncodings = 0;
			knownRegions = (
				en,
				Base,
			);
			mainGroup = ECC06C8B212E23F7001D2791;
			productRefGroup = ECC06C95212E23F7001D2791 /* Products */;
			projectDirPath = "";
			projectRoot = "";
			targets = (
				ECC06C93212E23F7001D2791 /* Movies */,
				ECC06CA7212E23FB001D2791 /* MoviesTests */,
			);
		};
/* End PBXProject section */

/* Begin PBXResourcesBuildPhase section */
		ECC06C92212E23F7001D2791 /* Resources */ = {
			isa = PBXResourcesBuildPhase;
			buildActionMask = 2147483647;
			files = (
				ECC06CA2212E23FB001D2791 /* LaunchScreen.storyboard in Resources */,
				ECC06C9F212E23FB001D2791 /* Assets.xcassets in Resources */,
				ECC06C9D212E23F7001D2791 /* Main.storyboard in Resources */,
			);
			runOnlyForDeploymentPostprocessing = 0;
		};
		ECC06CA6212E23FB001D2791 /* Resources */ = {
			isa = PBXResourcesBuildPhase;
			buildActionMask = 2147483647;
			files = (
			);
			runOnlyForDeploymentPostprocessing = 0;
		};
/* End PBXResourcesBuildPhase section */

/* Begin PBXSourcesBuildPhase section */
		ECC06C90212E23F7001D2791 /* Sources */ = {
			isa = PBXSourcesBuildPhase;
			buildActionMask = 2147483647;
			files = (
				ECC06C9A212E23F7001D2791 /* ViewController.swift in Sources */,
				ECC06C98212E23F7001D2791 /* AppDelegate.swift in Sources */,
			);
			runOnlyForDeploymentPostprocessing = 0;
		};
		ECC06CA4212E23FB001D2791 /* Sources */ = {
			isa = PBXSourcesBuildPhase;
			buildActionMask = 2147483647;
			files = (
				ECC06CAD212E23FB001D2791 /* MoviesTests.swift in Sources */,
			);
			runOnlyForDeploymentPostprocessing = 0;
		};
/* End PBXSourcesBuildPhase section */

/* Begin PBXTargetDependency section */
		ECC06CAA212E23FB001D2791 /* PBXTargetDependency */ = {
			isa = PBXTargetDependency;
			target = ECC06C93212E23F7001D2791 /* Movies */;
			targetProxy = ECC06CA9212E23FB001D2791 /* PBXContainerItemProxy */;
		};
/* End PBXTargetDependency section */

/* Begin PBXVariantGroup section */
		ECC06C9B212E23F7001D2791 /* Main.storyboard */ = {
			isa = PBXVariantGroup;
			children = (
				ECC06C9C212E23F7001D2791 /* Base */,
			);
			name = Main.storyboard;
			sourceTree = "<group>";
		};
		ECC06CA0212E23FB001D2791 /* LaunchScreen.storyboard */ = {
			isa = PBXVariantGroup;
			children = (
				ECC06CA1212E23FB001D2791 /* Base */,
			);
			name = LaunchScreen.storyboard;
			sourceTree = "<group>";
		};
/* End PBXVariantGroup section */

/* Begin XCBuildConfiguration section */
		ECC06CAF212E23FB001D2791 /* Debug */ = {
			isa = XCBuildConfiguration;
			buildSettings = {
				ALWAYS_SEARCH_USER_PATHS = NO;
				CLANG_ANALYZER_NONNULL = YES;
				CLANG_ANALYZER_NUMBER_OBJECT_CONVERSION = YES_AGGRESSIVE;
				CLANG_CXX_LANGUAGE_STANDARD = "gnu++14";
				CLANG_CXX_LIBRARY = "libc++";
				CLANG_ENABLE_MODULES = YES;
				CLANG_ENABLE_OBJC_ARC = YES;
				CLANG_ENABLE_OBJC_WEAK = YES;
				CLANG_WARN_BLOCK_CAPTURE_AUTORELEASING = YES;
				CLANG_WARN_BOOL_CONVERSION = YES;
				CLANG_WARN_COMMA = YES;
				CLANG_WARN_CONSTANT_CONVERSION = YES;
				CLANG_WARN_DEPRECATED_OBJC_IMPLEMENTATIONS = YES;
				CLANG_WARN_DIRECT_OBJC_ISA_USAGE = YES_ERROR;
				CLANG_WARN_DOCUMENTATION_COMMENTS = YES;
				CLANG_WARN_EMPTY_BODY = YES;
				CLANG_WARN_ENUM_CONVERSION = YES;
				CLANG_WARN_INFINITE_RECURSION = YES;
				CLANG_WARN_INT_CONVERSION = YES;
				CLANG_WARN_NON_LITERAL_NULL_CONVERSION = YES;
				CLANG_WARN_OBJC_IMPLICIT_RETAIN_SELF = YES;
				CLANG_WARN_OBJC_LITERAL_CONVERSION = YES;
				CLANG_WARN_OBJC_ROOT_CLASS = YES_ERROR;
				CLANG_WARN_RANGE_LOOP_ANALYSIS = YES;
				CLANG_WARN_STRICT_PROTOTYPES = YES;
				CLANG_WARN_SUSPICIOUS_MOVE = YES;
				CLANG_WARN_UNGUARDED_AVAILABILITY = YES_AGGRESSIVE;
				CLANG_WARN_UNREACHABLE_CODE = YES;
				CLANG_WARN__DUPLICATE_METHOD_MATCH = YES;
				CODE_SIGN_IDENTITY = "iPhone Developer";
				COPY_PHASE_STRIP = NO;
				DEBUG_INFORMATION_FORMAT = dwarf;
				ENABLE_STRICT_OBJC_MSGSEND = YES;
				ENABLE_TESTABILITY = YES;
				GCC_C_LANGUAGE_STANDARD = gnu11;
				GCC_DYNAMIC_NO_PIC = NO;
				GCC_NO_COMMON_BLOCKS = YES;
				GCC_OPTIMIZATION_LEVEL = 0;
				GCC_PREPROCESSOR_DEFINITIONS = (
					"DEBUG=1",
					"$(inherited)",
				);
				GCC_WARN_64_TO_32_BIT_CONVERSION = YES;
				GCC_WARN_ABOUT_RETURN_TYPE = YES_ERROR;
				GCC_WARN_UNDECLARED_SELECTOR = YES;
				GCC_WARN_UNINITIALIZED_AUTOS = YES_AGGRESSIVE;
				GCC_WARN_UNUSED_FUNCTION = YES;
				GCC_WARN_UNUSED_VARIABLE = YES;
				IPHONEOS_DEPLOYMENT_TARGET = 11.4;
				MTL_ENABLE_DEBUG_INFO = YES;
				ONLY_ACTIVE_ARCH = YES;
				SDKROOT = iphoneos;
				SWIFT_ACTIVE_COMPILATION_CONDITIONS = DEBUG;
				SWIFT_OPTIMIZATION_LEVEL = "-Onone";
			};
			name = Debug;
		};
		ECC06CB0212E23FB001D2791 /* Release */ = {
			isa = XCBuildConfiguration;
			buildSettings = {
				ALWAYS_SEARCH_USER_PATHS = NO;
				CLANG_ANALYZER_NONNULL = YES;
				CLANG_ANALYZER_NUMBER_OBJECT_CONVERSION = YES_AGGRESSIVE;
				CLANG_CXX_LANGUAGE_STANDARD = "gnu++14";
				CLANG_CXX_LIBRARY = "libc++";
				CLANG_ENABLE_MODULES = YES;
				CLANG_ENABLE_OBJC_ARC = YES;
				CLANG_ENABLE_OBJC_WEAK = YES;
				CLANG_WARN_BLOCK_CAPTURE_AUTORELEASING = YES;
				CLANG_WARN_BOOL_CONVERSION = YES;
				CLANG_WARN_COMMA = YES;
				CLANG_WARN_CONSTANT_CONVERSION = YES;
				CLANG_WARN_DEPRECATED_OBJC_IMPLEMENTATIONS = YES;
				CLANG_WARN_DIRECT_OBJC_ISA_USAGE = YES_ERROR;
				CLANG_WARN_DOCUMENTATION_COMMENTS = YES;
				CLANG_WARN_EMPTY_BODY = YES;
				CLANG_WARN_ENUM_CONVERSION = YES;
				CLANG_WARN_INFINITE_RECURSION = YES;
				CLANG_WARN_INT_CONVERSION = YES;
				CLANG_WARN_NON_LITERAL_NULL_CONVERSION = YES;
				CLANG_WARN_OBJC_IMPLICIT_RETAIN_SELF = YES;
				CLANG_WARN_OBJC_LITERAL_CONVERSION = YES;
				CLANG_WARN_OBJC_ROOT_CLASS = YES_ERROR;
				CLANG_WARN_RANGE_LOOP_ANALYSIS = YES;
				CLANG_WARN_STRICT_PROTOTYPES = YES;
				CLANG_WARN_SUSPICIOUS_MOVE = YES;
				CLANG_WARN_UNGUARDED_AVAILABILITY = YES_AGGRESSIVE;
				CLANG_WARN_UNREACHABLE_CODE = YES;
				CLANG_WARN__DUPLICATE_METHOD_MATCH = YES;
				CODE_SIGN_IDENTITY = "iPhone Developer";
				COPY_PHASE_STRIP = NO;
				DEBUG_INFORMATION_FORMAT = "dwarf-with-dsym";
				ENABLE_NS_ASSERTIONS = NO;
				ENABLE_STRICT_OBJC_MSGSEND = YES;
				GCC_C_LANGUAGE_STANDARD = gnu11;
				GCC_NO_COMMON_BLOCKS = YES;
				GCC_WARN_64_TO_32_BIT_CONVERSION = YES;
				GCC_WARN_ABOUT_RETURN_TYPE = YES_ERROR;
				GCC_WARN_UNDECLARED_SELECTOR = YES;
				GCC_WARN_UNINITIALIZED_AUTOS = YES_AGGRESSIVE;
				GCC_WARN_UNUSED_FUNCTION = YES;
				GCC_WARN_UNUSED_VARIABLE = YES;
				IPHONEOS_DEPLOYMENT_TARGET = 11.4;
				MTL_ENABLE_DEBUG_INFO = NO;
				SDKROOT = iphoneos;
				SWIFT_COMPILATION_MODE = wholemodule;
				SWIFT_OPTIMIZATION_LEVEL = "-O";
				VALIDATE_PRODUCT = YES;
			};
			name = Release;
		};
		ECC06CB2212E23FB001D2791 /* Debug */ = {
			isa = XCBuildConfiguration;
			buildSettings = {
				ASSETCATALOG_COMPILER_APPICON_NAME = AppIcon;
				CODE_SIGN_STYLE = Automatic;
				INFOPLIST_FILE = Movies/Info.plist;
				LD_RUNPATH_SEARCH_PATHS = (
					"$(inherited)",
					"@executable_path/Frameworks",
				);
				PRODUCT_BUNDLE_IDENTIFIER = lazaro.Movies;
				PRODUCT_NAME = "$(TARGET_NAME)";
				SWIFT_VERSION = 4.0;
				TARGETED_DEVICE_FAMILY = "1,2";
			};
			name = Debug;
		};
		ECC06CB3212E23FB001D2791 /* Release */ = {
			isa = XCBuildConfiguration;
			buildSettings = {
				ASSETCATALOG_COMPILER_APPICON_NAME = AppIcon;
				CODE_SIGN_STYLE = Automatic;
				INFOPLIST_FILE = Movies/Info.plist;
				LD_RUNPATH_SEARCH_PATHS = (
					"$(inherited)",
					"@executable_path/Frameworks",
				);
				PRODUCT_BUNDLE_IDENTIFIER = lazaro.Movies;
				PRODUCT_NAME = "$(TARGET_NAME)";
				SWIFT_VERSION = 4.0;
				TARGETED_DEVICE_FAMILY = "1,2";
			};
			name = Release;
		};
		ECC06CB5212E23FB001D2791 /* Debug */ = {
			isa = XCBuildConfiguration;
			buildSettings = {
				ALWAYS_EMBED_SWIFT_STANDARD_LIBRARIES = YES;
				BUNDLE_LOADER = "$(TEST_HOST)";
				CODE_SIGN_STYLE = Automatic;
				INFOPLIST_FILE = MoviesTests/Info.plist;
				LD_RUNPATH_SEARCH_PATHS = (
					"$(inherited)",
					"@executable_path/Frameworks",
					"@loader_path/Frameworks",
				);
				PRODUCT_BUNDLE_IDENTIFIER = lazaro.MoviesTests;
				PRODUCT_NAME = "$(TARGET_NAME)";
				SWIFT_VERSION = 4.0;
				TARGETED_DEVICE_FAMILY = "1,2";
				TEST_HOST = "$(BUILT_PRODUCTS_DIR)/Movies.app/Movies";
			};
			name = Debug;
		};
		ECC06CB6212E23FB001D2791 /* Release */ = {
			isa = XCBuildConfiguration;
			buildSettings = {
				ALWAYS_EMBED_SWIFT_STANDARD_LIBRARIES = YES;
				BUNDLE_LOADER = "$(TEST_HOST)";
				CODE_SIGN_STYLE = Automatic;
				INFOPLIST_FILE = MoviesTests/Info.plist;
				LD_RUNPATH_SEARCH_PATHS = (
					"$(inherited)",
					"@executable_path/Frameworks",
					"@loader_path/Frameworks",
				);
				PRODUCT_BUNDLE_IDENTIFIER = lazaro.MoviesTests;
				PRODUCT_NAME = "$(TARGET_NAME)";
				SWIFT_VERSION = 4.0;
				TARGETED_DEVICE_FAMILY = "1,2";
				TEST_HOST = "$(BUILT_PRODUCTS_DIR)/Movies.app/Movies";
			};
			name = Release;
		};
/* End XCBuildConfiguration section */

/* Begin XCConfigurationList section */
		ECC06C8F212E23F7001D2791 /* Build configuration list for PBXProject "Movies" */ = {
			isa = XCConfigurationList;
			buildConfigurations = (
				ECC06CAF212E23FB001D2791 /* Debug */,
				ECC06CB0212E23FB001D2791 /* Release */,
			);
			defaultConfigurationIsVisible = 0;
			defaultConfigurationName = Release;
		};
		ECC06CB1212E23FB001D2791 /* Build configuration list for PBXNativeTarget "Movies" */ = {
			isa = XCConfigurationList;
			buildConfigurations = (
				ECC06CB2212E23FB001D2791 /* Debug */,
				ECC06CB3212E23FB001D2791 /* Release */,
			);
			defaultConfigurationIsVisible = 0;
			defaultConfigurationName = Release;
		};
		ECC06CB4212E23FB001D2791 /* Build configuration list for PBXNativeTarget "MoviesTests" */ = {
			isa = XCConfigurationList;
			buildConfigurations = (
				ECC06CB5212E23FB001D2791 /* Debug */,
				ECC06CB6212E23FB001D2791 /* Release */,
			);
			defaultConfigurationIsVisible = 0;
			defaultConfigurationName = Release;
		};
/* End XCConfigurationList section */
	};
	rootObject = ECC06C8C212E23F7001D2791 /* Project object */;
}
